// !$*UTF8*$!
{
	archiveVersion = 1;
	classes = {
	};
	objectVersion = 56;
	objects = {

/* Begin PBXBuildFile section */
		2703243629C039EA00529CA1 /* studentInformation.json in Resources */ = {isa = PBXBuildFile; fileRef = 2703243529C039EA00529CA1 /* studentInformation.json */; };
		2703243829C039F700529CA1 /* advisorInformation.json in Resources */ = {isa = PBXBuildFile; fileRef = 2703243729C039F700529CA1 /* advisorInformation.json */; };
		2703243A29C03A1A00529CA1 /* Students.swift in Sources */ = {isa = PBXBuildFile; fileRef = 2703243929C03A1A00529CA1 /* Students.swift */; };
		2703243C29C03A2B00529CA1 /* Advisors.swift in Sources */ = {isa = PBXBuildFile; fileRef = 2703243B29C03A2B00529CA1 /* Advisors.swift */; };
		2703243E29C03A3E00529CA1 /* ModelData.swift in Sources */ = {isa = PBXBuildFile; fileRef = 2703243D29C03A3E00529CA1 /* ModelData.swift */; };
		2718934B299D6B3E00FC3FAA /* Assets.xcassets in Resources */ = {isa = PBXBuildFile; fileRef = 2718934A299D6B3E00FC3FAA /* Assets.xcassets */; };
		2718934E299D6B3E00FC3FAA /* Preview Assets.xcassets in Resources */ = {isa = PBXBuildFile; fileRef = 2718934D299D6B3E00FC3FAA /* Preview Assets.xcassets */; };
		27352F1529E7394E0057A1F9 /* NeedsAttention.swift in Sources */ = {isa = PBXBuildFile; fileRef = 27352F1429E7394E0057A1F9 /* NeedsAttention.swift */; };
		275307FE29EF27FB00FC9C52 /* AcademicProfile.swift in Sources */ = {isa = PBXBuildFile; fileRef = 275307FD29EF27FB00FC9C52 /* AcademicProfile.swift */; };
		2770926E29C249600026788F /* SettingsMenuView.swift in Sources */ = {isa = PBXBuildFile; fileRef = 2770926D29C249600026788F /* SettingsMenuView.swift */; };
		2792FA8F29CD1AA100FD51E2 /* RecentFeedback.swift in Sources */ = {isa = PBXBuildFile; fileRef = 2792FA8E29CD1AA100FD51E2 /* RecentFeedback.swift */; };
		2792FA9129CD1AA600FD51E2 /* SendFeedback.swift in Sources */ = {isa = PBXBuildFile; fileRef = 2792FA9029CD1AA600FD51E2 /* SendFeedback.swift */; };
		27AD191429AFEB5C00EBDCB9 /* AdvisorStudentListView.swift in Sources */ = {isa = PBXBuildFile; fileRef = 27AD191329AFEB5C00EBDCB9 /* AdvisorStudentListView.swift */; };
		27AD191629AFEB7300EBDCB9 /* AdvisorChatView.swift in Sources */ = {isa = PBXBuildFile; fileRef = 27AD191529AFEB7300EBDCB9 /* AdvisorChatView.swift */; };
		813F01D3299D75520022C4CF /* BotResponse.swift in Sources */ = {isa = PBXBuildFile; fileRef = 813F01D1299D75520022C4CF /* BotResponse.swift */; };
		813F01D4299D75520022C4CF /* RegistrationHelpBotApp.swift in Sources */ = {isa = PBXBuildFile; fileRef = 813F01CF299D75520022C4CF /* RegistrationHelpBotApp.swift */; };
		813F01D5299D75520022C4CF /* ChatbotView.swift in Sources */ = {isa = PBXBuildFile; fileRef = 813F01D0299D75520022C4CF /* ChatbotView.swift */; };
		813F01D6299D75520022C4CF /* MainMenuView.swift in Sources */ = {isa = PBXBuildFile; fileRef = 813F01D2299D75520022C4CF /* MainMenuView.swift */; };
		81739FCB29AFEDD80062CA8B /* AdvisorMessagingFunc.swift in Sources */ = {isa = PBXBuildFile; fileRef = 81739FCA29AFEDD80062CA8B /* AdvisorMessagingFunc.swift */; };
		D9C1192A29AFE3EA004C3762 /* Consonants.swift in Sources */ = {isa = PBXBuildFile; fileRef = D9C1192929AFE3EA004C3762 /* Consonants.swift */; };
		D9D3B95729C8FBB8000CA931 /* AdministrationView.swift in Sources */ = {isa = PBXBuildFile; fileRef = D9D3B95629C8FBB8000CA931 /* AdministrationView.swift */; };
		D9D3B95929C8FEBD000CA931 /* Admin.swift in Sources */ = {isa = PBXBuildFile; fileRef = D9D3B95829C8FEBD000CA931 /* Admin.swift */; };
		D9D3B95B29C8FF89000CA931 /* adminInformation.json in Resources */ = {isa = PBXBuildFile; fileRef = D9D3B95A29C8FF89000CA931 /* adminInformation.json */; };
/* End PBXBuildFile section */

/* Begin PBXFileReference section */
		2703243529C039EA00529CA1 /* studentInformation.json */ = {isa = PBXFileReference; fileEncoding = 4; lastKnownFileType = text.json; path = studentInformation.json; sourceTree = "<group>"; };
		2703243729C039F700529CA1 /* advisorInformation.json */ = {isa = PBXFileReference; fileEncoding = 4; lastKnownFileType = text.json; path = advisorInformation.json; sourceTree = "<group>"; };
		2703243929C03A1A00529CA1 /* Students.swift */ = {isa = PBXFileReference; lastKnownFileType = sourcecode.swift; path = Students.swift; sourceTree = "<group>"; };
		2703243B29C03A2B00529CA1 /* Advisors.swift */ = {isa = PBXFileReference; lastKnownFileType = sourcecode.swift; path = Advisors.swift; sourceTree = "<group>"; };
		2703243D29C03A3E00529CA1 /* ModelData.swift */ = {isa = PBXFileReference; lastKnownFileType = sourcecode.swift; path = ModelData.swift; sourceTree = "<group>"; };
		27189343299D6B3B00FC3FAA /* RegistraionHelpBot.app */ = {isa = PBXFileReference; explicitFileType = wrapper.application; includeInIndex = 0; path = RegistraionHelpBot.app; sourceTree = BUILT_PRODUCTS_DIR; };
		2718934A299D6B3E00FC3FAA /* Assets.xcassets */ = {isa = PBXFileReference; lastKnownFileType = folder.assetcatalog; path = Assets.xcassets; sourceTree = "<group>"; };
		2718934D299D6B3E00FC3FAA /* Preview Assets.xcassets */ = {isa = PBXFileReference; lastKnownFileType = folder.assetcatalog; path = "Preview Assets.xcassets"; sourceTree = "<group>"; };
		27352F1429E7394E0057A1F9 /* NeedsAttention.swift */ = {isa = PBXFileReference; lastKnownFileType = sourcecode.swift; path = NeedsAttention.swift; sourceTree = "<group>"; };
		275307FD29EF27FB00FC9C52 /* AcademicProfile.swift */ = {isa = PBXFileReference; fileEncoding = 4; lastKnownFileType = sourcecode.swift; path = AcademicProfile.swift; sourceTree = "<group>"; };
		2770926D29C249600026788F /* SettingsMenuView.swift */ = {isa = PBXFileReference; lastKnownFileType = sourcecode.swift; path = SettingsMenuView.swift; sourceTree = "<group>"; };
		2792FA8E29CD1AA100FD51E2 /* RecentFeedback.swift */ = {isa = PBXFileReference; fileEncoding = 4; lastKnownFileType = sourcecode.swift; path = RecentFeedback.swift; sourceTree = "<group>"; };
		2792FA9029CD1AA600FD51E2 /* SendFeedback.swift */ = {isa = PBXFileReference; fileEncoding = 4; lastKnownFileType = sourcecode.swift; path = SendFeedback.swift; sourceTree = "<group>"; };
		27AD191329AFEB5C00EBDCB9 /* AdvisorStudentListView.swift */ = {isa = PBXFileReference; lastKnownFileType = sourcecode.swift; path = AdvisorStudentListView.swift; sourceTree = "<group>"; };
		27AD191529AFEB7300EBDCB9 /* AdvisorChatView.swift */ = {isa = PBXFileReference; lastKnownFileType = sourcecode.swift; path = AdvisorChatView.swift; sourceTree = "<group>"; };
		813F01CF299D75520022C4CF /* RegistrationHelpBotApp.swift */ = {isa = PBXFileReference; lastKnownFileType = sourcecode.swift; path = RegistrationHelpBotApp.swift; sourceTree = "<group>"; };
		813F01D0299D75520022C4CF /* ChatbotView.swift */ = {isa = PBXFileReference; lastKnownFileType = sourcecode.swift; path = ChatbotView.swift; sourceTree = "<group>"; };
		813F01D1299D75520022C4CF /* BotResponse.swift */ = {isa = PBXFileReference; lastKnownFileType = sourcecode.swift; path = BotResponse.swift; sourceTree = "<group>"; };
		813F01D2299D75520022C4CF /* MainMenuView.swift */ = {isa = PBXFileReference; lastKnownFileType = sourcecode.swift; path = MainMenuView.swift; sourceTree = "<group>"; };
		81739FCA29AFEDD80062CA8B /* AdvisorMessagingFunc.swift */ = {isa = PBXFileReference; lastKnownFileType = sourcecode.swift; path = AdvisorMessagingFunc.swift; sourceTree = "<group>"; };
		D9C1192929AFE3EA004C3762 /* Consonants.swift */ = {isa = PBXFileReference; lastKnownFileType = sourcecode.swift; path = Consonants.swift; sourceTree = "<group>"; };
		D9D3B95629C8FBB8000CA931 /* AdministrationView.swift */ = {isa = PBXFileReference; lastKnownFileType = sourcecode.swift; path = AdministrationView.swift; sourceTree = "<group>"; };
		D9D3B95829C8FEBD000CA931 /* Admin.swift */ = {isa = PBXFileReference; lastKnownFileType = sourcecode.swift; path = Admin.swift; sourceTree = "<group>"; };
		D9D3B95A29C8FF89000CA931 /* adminInformation.json */ = {isa = PBXFileReference; lastKnownFileType = text.json; path = adminInformation.json; sourceTree = "<group>"; };
/* End PBXFileReference section */

/* Begin PBXFrameworksBuildPhase section */
		27189340299D6B3B00FC3FAA /* Frameworks */ = {
			isa = PBXFrameworksBuildPhase;
			buildActionMask = 2147483647;
			files = (
			);
			runOnlyForDeploymentPostprocessing = 0;
		};
/* End PBXFrameworksBuildPhase section */

/* Begin PBXGroup section */
		2718933A299D6B3B00FC3FAA = {
			isa = PBXGroup;
			children = (
				27189344299D6B3B00FC3FAA /* Products */,
				27189345299D6B3B00FC3FAA /* RegistraionHelpBot */,
			);
			sourceTree = "<group>";
		};
		27189344299D6B3B00FC3FAA /* Products */ = {
			isa = PBXGroup;
			children = (
				27189343299D6B3B00FC3FAA /* RegistraionHelpBot.app */,
			);
			name = Products;
			sourceTree = "<group>";
		};
		27189345299D6B3B00FC3FAA /* RegistraionHelpBot */ = {
			isa = PBXGroup;
			children = (
				813F01D1299D75520022C4CF /* BotResponse.swift */,
				813F01D0299D75520022C4CF /* ChatbotView.swift */,
				D9C1192929AFE3EA004C3762 /* Consonants.swift */,
				813F01D2299D75520022C4CF /* MainMenuView.swift */,
				813F01CF299D75520022C4CF /* RegistrationHelpBotApp.swift */,
				2703243729C039F700529CA1 /* advisorInformation.json */,
				2703243529C039EA00529CA1 /* studentInformation.json */,
				D9D3B95A29C8FF89000CA931 /* adminInformation.json */,
				2718934A299D6B3E00FC3FAA /* Assets.xcassets */,
				2718934C299D6B3E00FC3FAA /* Preview Content */,
				27AD191329AFEB5C00EBDCB9 /* AdvisorStudentListView.swift */,
				27AD191529AFEB7300EBDCB9 /* AdvisorChatView.swift */,
				81739FCA29AFEDD80062CA8B /* AdvisorMessagingFunc.swift */,
				D9D3B95629C8FBB8000CA931 /* AdministrationView.swift */,
				2703243929C03A1A00529CA1 /* Students.swift */,
				2703243B29C03A2B00529CA1 /* Advisors.swift */,
				D9D3B95829C8FEBD000CA931 /* Admin.swift */,
				2703243D29C03A3E00529CA1 /* ModelData.swift */,
				2770926D29C249600026788F /* SettingsMenuView.swift */,
				2792FA8E29CD1AA100FD51E2 /* RecentFeedback.swift */,
				2792FA9029CD1AA600FD51E2 /* SendFeedback.swift */,
				27352F1429E7394E0057A1F9 /* NeedsAttention.swift */,
				275307FD29EF27FB00FC9C52 /* AcademicProfile.swift */,
			);
			path = RegistraionHelpBot;
			sourceTree = "<group>";
		};
		2718934C299D6B3E00FC3FAA /* Preview Content */ = {
			isa = PBXGroup;
			children = (
				2718934D299D6B3E00FC3FAA /* Preview Assets.xcassets */,
			);
			path = "Preview Content";
			sourceTree = "<group>";
		};
/* End PBXGroup section */

/* Begin PBXNativeTarget section */
		27189342299D6B3B00FC3FAA /* RegistraionHelpBot */ = {
			isa = PBXNativeTarget;
			buildConfigurationList = 27189351299D6B3E00FC3FAA /* Build configuration list for PBXNativeTarget "RegistraionHelpBot" */;
			buildPhases = (
				2718933F299D6B3B00FC3FAA /* Sources */,
				27189340299D6B3B00FC3FAA /* Frameworks */,
				27189341299D6B3B00FC3FAA /* Resources */,
			);
			buildRules = (
			);
			dependencies = (
			);
			name = RegistraionHelpBot;
			productName = RegistraionHelpBot;
			productReference = 27189343299D6B3B00FC3FAA /* RegistraionHelpBot.app */;
			productType = "com.apple.product-type.application";
		};
/* End PBXNativeTarget section */

/* Begin PBXProject section */
		2718933B299D6B3B00FC3FAA /* Project object */ = {
			isa = PBXProject;
			attributes = {
				BuildIndependentTargetsInParallel = 1;
				LastSwiftUpdateCheck = 1420;
				LastUpgradeCheck = 1420;
				TargetAttributes = {
					27189342299D6B3B00FC3FAA = {
						CreatedOnToolsVersion = 14.2;
					};
				};
			};
			buildConfigurationList = 2718933E299D6B3B00FC3FAA /* Build configuration list for PBXProject "RegistraionHelpBot" */;
			compatibilityVersion = "Xcode 14.0";
			developmentRegion = en;
			hasScannedForEncodings = 0;
			knownRegions = (
				en,
				Base,
			);
			mainGroup = 2718933A299D6B3B00FC3FAA;
			productRefGroup = 27189344299D6B3B00FC3FAA /* Products */;
			projectDirPath = "";
			projectRoot = "";
			targets = (
				27189342299D6B3B00FC3FAA /* RegistraionHelpBot */,
			);
		};
/* End PBXProject section */

/* Begin PBXResourcesBuildPhase section */
		27189341299D6B3B00FC3FAA /* Resources */ = {
			isa = PBXResourcesBuildPhase;
			buildActionMask = 2147483647;
			files = (
				2718934E299D6B3E00FC3FAA /* Preview Assets.xcassets in Resources */,
				D9D3B95B29C8FF89000CA931 /* adminInformation.json in Resources */,
				2703243829C039F700529CA1 /* advisorInformation.json in Resources */,
				2703243629C039EA00529CA1 /* studentInformation.json in Resources */,
				2718934B299D6B3E00FC3FAA /* Assets.xcassets in Resources */,
			);
			runOnlyForDeploymentPostprocessing = 0;
		};
/* End PBXResourcesBuildPhase section */

/* Begin PBXSourcesBuildPhase section */
		2718933F299D6B3B00FC3FAA /* Sources */ = {
			isa = PBXSourcesBuildPhase;
			buildActionMask = 2147483647;
			files = (
				27352F1529E7394E0057A1F9 /* NeedsAttention.swift in Sources */,
				D9C1192A29AFE3EA004C3762 /* Consonants.swift in Sources */,
				275307FE29EF27FB00FC9C52 /* AcademicProfile.swift in Sources */,
				813F01D3299D75520022C4CF /* BotResponse.swift in Sources */,
				813F01D6299D75520022C4CF /* MainMenuView.swift in Sources */,
				D9D3B95929C8FEBD000CA931 /* Admin.swift in Sources */,
				27AD191429AFEB5C00EBDCB9 /* AdvisorStudentListView.swift in Sources */,
				813F01D5299D75520022C4CF /* ChatbotView.swift in Sources */,
				27AD191629AFEB7300EBDCB9 /* AdvisorChatView.swift in Sources */,
				2792FA8F29CD1AA100FD51E2 /* RecentFeedback.swift in Sources */,
				2770926E29C249600026788F /* SettingsMenuView.swift in Sources */,
				D9D3B95729C8FBB8000CA931 /* AdministrationView.swift in Sources */,
				813F01D4299D75520022C4CF /* RegistrationHelpBotApp.swift in Sources */,
				2703243E29C03A3E00529CA1 /* ModelData.swift in Sources */,
				2792FA9129CD1AA600FD51E2 /* SendFeedback.swift in Sources */,
				81739FCB29AFEDD80062CA8B /* AdvisorMessagingFunc.swift in Sources */,
				2703243C29C03A2B00529CA1 /* Advisors.swift in Sources */,
				2703243A29C03A1A00529CA1 /* Students.swift in Sources */,
			);
			runOnlyForDeploymentPostprocessing = 0;
		};
/* End PBXSourcesBuildPhase section */

/* Begin XCBuildConfiguration section */
		2718934F299D6B3E00FC3FAA /* Debug */ = {
			isa = XCBuildConfiguration;
			buildSettings = {
				ALWAYS_SEARCH_USER_PATHS = NO;
				CLANG_ANALYZER_NONNULL = YES;
				CLANG_ANALYZER_NUMBER_OBJECT_CONVERSION = YES_AGGRESSIVE;
				CLANG_CXX_LANGUAGE_STANDARD = "gnu++20";
				CLANG_ENABLE_MODULES = YES;
				CLANG_ENABLE_OBJC_ARC = YES;
				CLANG_ENABLE_OBJC_WEAK = YES;
				CLANG_WARN_BLOCK_CAPTURE_AUTORELEASING = YES;
				CLANG_WARN_BOOL_CONVERSION = YES;
				CLANG_WARN_COMMA = YES;
				CLANG_WARN_CONSTANT_CONVERSION = YES;
				CLANG_WARN_DEPRECATED_OBJC_IMPLEMENTATIONS = YES;
				CLANG_WARN_DIRECT_OBJC_ISA_USAGE = YES_ERROR;
				CLANG_WARN_DOCUMENTATION_COMMENTS = YES;
				CLANG_WARN_EMPTY_BODY = YES;
				CLANG_WARN_ENUM_CONVERSION = YES;
				CLANG_WARN_INFINITE_RECURSION = YES;
				CLANG_WARN_INT_CONVERSION = YES;
				CLANG_WARN_NON_LITERAL_NULL_CONVERSION = YES;
				CLANG_WARN_OBJC_IMPLICIT_RETAIN_SELF = YES;
				CLANG_WARN_OBJC_LITERAL_CONVERSION = YES;
				CLANG_WARN_OBJC_ROOT_CLASS = YES_ERROR;
				CLANG_WARN_QUOTED_INCLUDE_IN_FRAMEWORK_HEADER = YES;
				CLANG_WARN_RANGE_LOOP_ANALYSIS = YES;
				CLANG_WARN_STRICT_PROTOTYPES = YES;
				CLANG_WARN_SUSPICIOUS_MOVE = YES;
				CLANG_WARN_UNGUARDED_AVAILABILITY = YES_AGGRESSIVE;
				CLANG_WARN_UNREACHABLE_CODE = YES;
				CLANG_WARN__DUPLICATE_METHOD_MATCH = YES;
				COPY_PHASE_STRIP = NO;
				DEBUG_INFORMATION_FORMAT = dwarf;
				ENABLE_STRICT_OBJC_MSGSEND = YES;
				ENABLE_TESTABILITY = YES;
				GCC_C_LANGUAGE_STANDARD = gnu11;
				GCC_DYNAMIC_NO_PIC = NO;
				GCC_NO_COMMON_BLOCKS = YES;
				GCC_OPTIMIZATION_LEVEL = 0;
				GCC_PREPROCESSOR_DEFINITIONS = (
					"DEBUG=1",
					"$(inherited)",
				);
				GCC_WARN_64_TO_32_BIT_CONVERSION = YES;
				GCC_WARN_ABOUT_RETURN_TYPE = YES_ERROR;
				GCC_WARN_UNDECLARED_SELECTOR = YES;
				GCC_WARN_UNINITIALIZED_AUTOS = YES_AGGRESSIVE;
				GCC_WARN_UNUSED_FUNCTION = YES;
				GCC_WARN_UNUSED_VARIABLE = YES;
				IPHONEOS_DEPLOYMENT_TARGET = 16.2;
				MTL_ENABLE_DEBUG_INFO = INCLUDE_SOURCE;
				MTL_FAST_MATH = YES;
				ONLY_ACTIVE_ARCH = YES;
				SDKROOT = iphoneos;
				SWIFT_ACTIVE_COMPILATION_CONDITIONS = DEBUG;
				SWIFT_OPTIMIZATION_LEVEL = "-Onone";
			};
			name = Debug;
		};
		27189350299D6B3E00FC3FAA /* Release */ = {
			isa = XCBuildConfiguration;
			buildSettings = {
				ALWAYS_SEARCH_USER_PATHS = NO;
				CLANG_ANALYZER_NONNULL = YES;
				CLANG_ANALYZER_NUMBER_OBJECT_CONVERSION = YES_AGGRESSIVE;
				CLANG_CXX_LANGUAGE_STANDARD = "gnu++20";
				CLANG_ENABLE_MODULES = YES;
				CLANG_ENABLE_OBJC_ARC = YES;
				CLANG_ENABLE_OBJC_WEAK = YES;
				CLANG_WARN_BLOCK_CAPTURE_AUTORELEASING = YES;
				CLANG_WARN_BOOL_CONVERSION = YES;
				CLANG_WARN_COMMA = YES;
				CLANG_WARN_CONSTANT_CONVERSION = YES;
				CLANG_WARN_DEPRECATED_OBJC_IMPLEMENTATIONS = YES;
				CLANG_WARN_DIRECT_OBJC_ISA_USAGE = YES_ERROR;
				CLANG_WARN_DOCUMENTATION_COMMENTS = YES;
				CLANG_WARN_EMPTY_BODY = YES;
				CLANG_WARN_ENUM_CONVERSION = YES;
				CLANG_WARN_INFINITE_RECURSION = YES;
				CLANG_WARN_INT_CONVERSION = YES;
				CLANG_WARN_NON_LITERAL_NULL_CONVERSION = YES;
				CLANG_WARN_OBJC_IMPLICIT_RETAIN_SELF = YES;
				CLANG_WARN_OBJC_LITERAL_CONVERSION = YES;
				CLANG_WARN_OBJC_ROOT_CLASS = YES_ERROR;
				CLANG_WARN_QUOTED_INCLUDE_IN_FRAMEWORK_HEADER = YES;
				CLANG_WARN_RANGE_LOOP_ANALYSIS = YES;
				CLANG_WARN_STRICT_PROTOTYPES = YES;
				CLANG_WARN_SUSPICIOUS_MOVE = YES;
				CLANG_WARN_UNGUARDED_AVAILABILITY = YES_AGGRESSIVE;
				CLANG_WARN_UNREACHABLE_CODE = YES;
				CLANG_WARN__DUPLICATE_METHOD_MATCH = YES;
				COPY_PHASE_STRIP = NO;
				DEBUG_INFORMATION_FORMAT = "dwarf-with-dsym";
				ENABLE_NS_ASSERTIONS = NO;
				ENABLE_STRICT_OBJC_MSGSEND = YES;
				GCC_C_LANGUAGE_STANDARD = gnu11;
				GCC_NO_COMMON_BLOCKS = YES;
				GCC_WARN_64_TO_32_BIT_CONVERSION = YES;
				GCC_WARN_ABOUT_RETURN_TYPE = YES_ERROR;
				GCC_WARN_UNDECLARED_SELECTOR = YES;
				GCC_WARN_UNINITIALIZED_AUTOS = YES_AGGRESSIVE;
				GCC_WARN_UNUSED_FUNCTION = YES;
				GCC_WARN_UNUSED_VARIABLE = YES;
				IPHONEOS_DEPLOYMENT_TARGET = 16.2;
				MTL_ENABLE_DEBUG_INFO = NO;
				MTL_FAST_MATH = YES;
				SDKROOT = iphoneos;
				SWIFT_COMPILATION_MODE = wholemodule;
				SWIFT_OPTIMIZATION_LEVEL = "-O";
				VALIDATE_PRODUCT = YES;
			};
			name = Release;
		};
		27189352299D6B3E00FC3FAA /* Debug */ = {
			isa = XCBuildConfiguration;
			buildSettings = {
				ASSETCATALOG_COMPILER_APPICON_NAME = AppIcon;
				ASSETCATALOG_COMPILER_GLOBAL_ACCENT_COLOR_NAME = AccentColor;
				CODE_SIGN_STYLE = Automatic;
				CURRENT_PROJECT_VERSION = 1;
				DEVELOPMENT_ASSET_PATHS = "\"RegistraionHelpBot/Preview Content\"";
				DEVELOPMENT_TEAM = WK3P98B9Q9;
				ENABLE_PREVIEWS = YES;
				GENERATE_INFOPLIST_FILE = YES;
				INFOPLIST_KEY_UIApplicationSceneManifest_Generation = YES;
				INFOPLIST_KEY_UIApplicationSupportsIndirectInputEvents = YES;
				INFOPLIST_KEY_UILaunchScreen_Generation = YES;
				INFOPLIST_KEY_UISupportedInterfaceOrientations_iPad = "UIInterfaceOrientationPortrait UIInterfaceOrientationPortraitUpsideDown UIInterfaceOrientationLandscapeLeft UIInterfaceOrientationLandscapeRight";
				INFOPLIST_KEY_UISupportedInterfaceOrientations_iPhone = "UIInterfaceOrientationPortrait UIInterfaceOrientationLandscapeLeft UIInterfaceOrientationLandscapeRight";
				LD_RUNPATH_SEARCH_PATHS = (
					"$(inherited)",
					"@executable_path/Frameworks",
				);
				MARKETING_VERSION = 1.0;
				PRODUCT_BUNDLE_IDENTIFIER = AinsleyPlumadore.RegistraionHelpBot;
				PRODUCT_NAME = "$(TARGET_NAME)";
				SWIFT_EMIT_LOC_STRINGS = YES;
				SWIFT_VERSION = 5.0;
				TARGETED_DEVICE_FAMILY = "1,2";
			};
			name = Debug;
		};
		27189353299D6B3E00FC3FAA /* Release */ = {
			isa = XCBuildConfiguration;
			buildSettings = {
				ASSETCATALOG_COMPILER_APPICON_NAME = AppIcon;
				ASSETCATALOG_COMPILER_GLOBAL_ACCENT_COLOR_NAME = AccentColor;
				CODE_SIGN_STYLE = Automatic;
				CURRENT_PROJECT_VERSION = 1;
				DEVELOPMENT_ASSET_PATHS = "\"RegistraionHelpBot/Preview Content\"";
				DEVELOPMENT_TEAM = WK3P98B9Q9;
				ENABLE_PREVIEWS = YES;
				GENERATE_INFOPLIST_FILE = YES;
				INFOPLIST_KEY_UIApplicationSceneManifest_Generation = YES;
				INFOPLIST_KEY_UIApplicationSupportsIndirectInputEvents = YES;
				INFOPLIST_KEY_UILaunchScreen_Generation = YES;
				INFOPLIST_KEY_UISupportedInterfaceOrientations_iPad = "UIInterfaceOrientationPortrait UIInterfaceOrientationPortraitUpsideDown UIInterfaceOrientationLandscapeLeft UIInterfaceOrientationLandscapeRight";
				INFOPLIST_KEY_UISupportedInterfaceOrientations_iPhone = "UIInterfaceOrientationPortrait UIInterfaceOrientationLandscapeLeft UIInterfaceOrientationLandscapeRight";
				LD_RUNPATH_SEARCH_PATHS = (
					"$(inherited)",
					"@executable_path/Frameworks",
				);
				MARKETING_VERSION = 1.0;
				PRODUCT_BUNDLE_IDENTIFIER = AinsleyPlumadore.RegistraionHelpBot;
				PRODUCT_NAME = "$(TARGET_NAME)";
				SWIFT_EMIT_LOC_STRINGS = YES;
				SWIFT_VERSION = 5.0;
				TARGETED_DEVICE_FAMILY = "1,2";
			};
			name = Release;
		};
/* End XCBuildConfiguration section */

/* Begin XCConfigurationList section */
		2718933E299D6B3B00FC3FAA /* Build configuration list for PBXProject "RegistraionHelpBot" */ = {
			isa = XCConfigurationList;
			buildConfigurations = (
				2718934F299D6B3E00FC3FAA /* Debug */,
				27189350299D6B3E00FC3FAA /* Release */,
			);
			defaultConfigurationIsVisible = 0;
			defaultConfigurationName = Release;
		};
		27189351299D6B3E00FC3FAA /* Build configuration list for PBXNativeTarget "RegistraionHelpBot" */ = {
			isa = XCConfigurationList;
			buildConfigurations = (
				27189352299D6B3E00FC3FAA /* Debug */,
				27189353299D6B3E00FC3FAA /* Release */,
			);
			defaultConfigurationIsVisible = 0;
			defaultConfigurationName = Release;
		};
/* End XCConfigurationList section */
	};
	rootObject = 2718933B299D6B3B00FC3FAA /* Project object */;
}
